
Microsoft Visual Studio Solution File, Format Version 12.00
# Visual Studio Version 17
VisualStudioVersion = 17.0.31903.59
MinimumVisualStudioVersion = 10.0.40219.1
Project("{9A19103F-16F7-4668-BE54-9A1E7A4F7556}") = "ThreSumProblem", "3Sum\ThreSumProblem.csproj", "{B1014C96-9754-46AE-9882-EB6CFD7B1BC1}"
EndProject
Project("{2150E333-8FDC-42A3-9474-1A3956D46DE8}") = "ThreeSum", "ThreeSum", "{7ADA5434-F7AC-452C-86A4-3FC179296A0C}"
EndProject
Global
	GlobalSection(SolutionConfigurationPlatforms) = preSolution
		Debug|Any CPU = Debug|Any CPU
		Release|Any CPU = Release|Any CPU
	EndGlobalSection
	GlobalSection(ProjectConfigurationPlatforms) = postSolution
		{B1014C96-9754-46AE-9882-EB6CFD7B1BC1}.Debug|Any CPU.ActiveCfg = Debug|Any CPU
		{B1014C96-9754-46AE-9882-EB6CFD7B1BC1}.Debug|Any CPU.Build.0 = Debug|Any CPU
		{B1014C96-9754-46AE-9882-EB6CFD7B1BC1}.Release|Any CPU.ActiveCfg = Release|Any CPU
		{B1014C96-9754-46AE-9882-EB6CFD7B1BC1}.Release|Any CPU.Build.0 = Release|Any CPU
	EndGlobalSection
	GlobalSection(SolutionProperties) = preSolution
		HideSolutionNode = FALSE
	EndGlobalSection
	GlobalSection(NestedProjects) = preSolution
		{B1014C96-9754-46AE-9882-EB6CFD7B1BC1} = {7ADA5434-F7AC-452C-86A4-3FC179296A0C}
	EndGlobalSection
	GlobalSection(ExtensibilityGlobals) = postSolution
		SolutionGuid = {636DFC8D-DC17-4665-85F4-F6C6DD859AAF}
	EndGlobalSection
EndGlobal
