
Microsoft Visual Studio Solution File, Format Version 12.00
# Visual Studio Version 17
VisualStudioVersion = 17.0.31903.59
MinimumVisualStudioVersion = 10.0.40219.1
Project("{2150E333-8FDC-42A3-9474-1A3956D46DE8}") = "ThreeSum", "ThreeSum", "{97FC0935-7A91-42DF-8703-2B4220F81259}"
EndProject
Project("{9A19103F-16F7-4668-BE54-9A1E7A4F7556}") = "ThreeSumAlgorithm", "ThreeSumAlgorithm\ThreeSumAlgorithm.csproj", "{2C912847-8F36-4D4D-A80F-5D3C0EC7701C}"
EndProject
Project("{9A19103F-16F7-4668-BE54-9A1E7A4F7556}") = "ThreeSumTestSuit", "ThreeSumTestSuit\ThreeSumTestSuit.csproj", "{FCAB7E35-256C-4606-A886-A766F68F4AAA}"
EndProject
Project("{2150E333-8FDC-42A3-9474-1A3956D46DE8}") = "ValidParentheses", "ValidParentheses", "{EA176F24-76D5-416D-B89F-130D276797EE}"
EndProject
Project("{9A19103F-16F7-4668-BE54-9A1E7A4F7556}") = "ValidParenthesesAlgorithm", "ValidParenthesesAlgorithm\ValidParenthesesAlgorithm.csproj", "{CA077440-E1FF-49D6-8A71-06B542C7BB56}"
EndProject
Project("{9A19103F-16F7-4668-BE54-9A1E7A4F7556}") = "ValidParenthesesTestSuit", "ValidParenthesesTestSuit\ValidParenthesesTestSuit.csproj", "{2DD7468C-7F3D-4BD1-88F9-C5A5AE9D064A}"
EndProject
Project("{2150E333-8FDC-42A3-9474-1A3956D46DE8}") = "ValidateStackSequences", "ValidateStackSequences", "{50FEA930-2996-4908-9EE7-03D0A2302CC3}"
	ProjectSection(SolutionItems) = preProject
		readme.md = readme.md
	EndProjectSection
EndProject
Project("{9A19103F-16F7-4668-BE54-9A1E7A4F7556}") = "ValidateStackSequencesAlgorithm", "ValidateStackSequencesAlgorithm\ValidateStackSequencesAlgorithm.csproj", "{A7C5901E-CCEA-48FE-852A-36B40CB94445}"
EndProject
Project("{9A19103F-16F7-4668-BE54-9A1E7A4F7556}") = "ValidateStackSequencesTestSuit", "ValidateStackSequencesTestSuit\ValidateStackSequencesTestSuit.csproj", "{B732B87F-CF0C-4821-AC48-DB0A46529E41}"
EndProject
Project("{2150E333-8FDC-42A3-9474-1A3956D46DE8}") = "TwoSum", "TwoSum", "{FE0C3C43-E0E6-45CA-89C1-5E00B7922F15}"
EndProject
Project("{9A19103F-16F7-4668-BE54-9A1E7A4F7556}") = "TwoSumAlgorithm", "TwoSumAlgorithm\TwoSumAlgorithm.csproj", "{945C6880-58AD-46AC-B036-D89F9E620B9E}"
EndProject
Project("{9A19103F-16F7-4668-BE54-9A1E7A4F7556}") = "TwoSumTestSuit", "TwoSumTestSuit\TwoSumTestSuit.csproj", "{A7DAA33B-2EFA-404D-B67A-F3F7F91A4D26}"
EndProject
Project("{2150E333-8FDC-42A3-9474-1A3956D46DE8}") = "TwoCityScheduling", "TwoCityScheduling", "{1CD0301D-AFD6-4805-B446-0A007D797B01}"
EndProject
Project("{9A19103F-16F7-4668-BE54-9A1E7A4F7556}") = "TwoCitySchedulingAlgorithm", "TwoCitySchedulingAlgorithm\TwoCitySchedulingAlgorithm.csproj", "{23A9A032-E473-4FED-8B37-2E53D32D00F1}"
EndProject
Project("{9A19103F-16F7-4668-BE54-9A1E7A4F7556}") = "TwoCityShcedulingTestSuit", "TwoCityShcedulingTestSuit\TwoCityShcedulingTestSuit.csproj", "{B1EE875F-546A-47AE-8500-B67470C5A430}"
EndProject
Project("{2150E333-8FDC-42A3-9474-1A3956D46DE8}") = "ThirdMaximumNumber", "ThirdMaximumNumber", "{BE11E393-CBA7-4AE8-920E-C92ADB80F98E}"
EndProject
Project("{9A19103F-16F7-4668-BE54-9A1E7A4F7556}") = "ThirdMaximumNumberAlgorithm", "ThirdMaximumNumberAlgorithm\ThirdMaximumNumberAlgorithm.csproj", "{6C94E8F5-405E-444E-92C6-CB487FBC3059}"
EndProject
Project("{9A19103F-16F7-4668-BE54-9A1E7A4F7556}") = "ThirdMaximumNumberTestSuit", "ThirdMaximumNumberTestSuit\ThirdMaximumNumberTestSuit.csproj", "{3F755C5C-7F0C-441B-BAEC-4CFB6B904109}"
EndProject
Project("{2150E333-8FDC-42A3-9474-1A3956D46DE8}") = "SummaryRanges", "SummaryRanges", "{5C72FF3C-8AF7-4443-B72A-DC0D0DCC8D96}"
EndProject
Project("{FAE04EC0-301F-11D3-BF4B-00C04F79EFBC}") = "SummaryRangesAlgorithm", "SummaryRangesAlgorithm\SummaryRangesAlgorithm.csproj", "{A9B63243-2E45-4708-815F-D659C2E0C442}"
EndProject
Global
	GlobalSection(SolutionConfigurationPlatforms) = preSolution
		Debug|Any CPU = Debug|Any CPU
		Release|Any CPU = Release|Any CPU
	EndGlobalSection
	GlobalSection(ProjectConfigurationPlatforms) = postSolution
		{2C912847-8F36-4D4D-A80F-5D3C0EC7701C}.Debug|Any CPU.ActiveCfg = Debug|Any CPU
		{2C912847-8F36-4D4D-A80F-5D3C0EC7701C}.Debug|Any CPU.Build.0 = Debug|Any CPU
		{2C912847-8F36-4D4D-A80F-5D3C0EC7701C}.Release|Any CPU.ActiveCfg = Release|Any CPU
		{2C912847-8F36-4D4D-A80F-5D3C0EC7701C}.Release|Any CPU.Build.0 = Release|Any CPU
		{FCAB7E35-256C-4606-A886-A766F68F4AAA}.Debug|Any CPU.ActiveCfg = Debug|Any CPU
		{FCAB7E35-256C-4606-A886-A766F68F4AAA}.Debug|Any CPU.Build.0 = Debug|Any CPU
		{FCAB7E35-256C-4606-A886-A766F68F4AAA}.Release|Any CPU.ActiveCfg = Release|Any CPU
		{FCAB7E35-256C-4606-A886-A766F68F4AAA}.Release|Any CPU.Build.0 = Release|Any CPU
		{CA077440-E1FF-49D6-8A71-06B542C7BB56}.Debug|Any CPU.ActiveCfg = Debug|Any CPU
		{CA077440-E1FF-49D6-8A71-06B542C7BB56}.Debug|Any CPU.Build.0 = Debug|Any CPU
		{CA077440-E1FF-49D6-8A71-06B542C7BB56}.Release|Any CPU.ActiveCfg = Release|Any CPU
		{CA077440-E1FF-49D6-8A71-06B542C7BB56}.Release|Any CPU.Build.0 = Release|Any CPU
		{2DD7468C-7F3D-4BD1-88F9-C5A5AE9D064A}.Debug|Any CPU.ActiveCfg = Debug|Any CPU
		{2DD7468C-7F3D-4BD1-88F9-C5A5AE9D064A}.Debug|Any CPU.Build.0 = Debug|Any CPU
		{2DD7468C-7F3D-4BD1-88F9-C5A5AE9D064A}.Release|Any CPU.ActiveCfg = Release|Any CPU
		{2DD7468C-7F3D-4BD1-88F9-C5A5AE9D064A}.Release|Any CPU.Build.0 = Release|Any CPU
		{A7C5901E-CCEA-48FE-852A-36B40CB94445}.Debug|Any CPU.ActiveCfg = Debug|Any CPU
		{A7C5901E-CCEA-48FE-852A-36B40CB94445}.Debug|Any CPU.Build.0 = Debug|Any CPU
		{A7C5901E-CCEA-48FE-852A-36B40CB94445}.Release|Any CPU.ActiveCfg = Release|Any CPU
		{A7C5901E-CCEA-48FE-852A-36B40CB94445}.Release|Any CPU.Build.0 = Release|Any CPU
		{B732B87F-CF0C-4821-AC48-DB0A46529E41}.Debug|Any CPU.ActiveCfg = Debug|Any CPU
		{B732B87F-CF0C-4821-AC48-DB0A46529E41}.Debug|Any CPU.Build.0 = Debug|Any CPU
		{B732B87F-CF0C-4821-AC48-DB0A46529E41}.Release|Any CPU.ActiveCfg = Release|Any CPU
		{B732B87F-CF0C-4821-AC48-DB0A46529E41}.Release|Any CPU.Build.0 = Release|Any CPU
		{945C6880-58AD-46AC-B036-D89F9E620B9E}.Debug|Any CPU.ActiveCfg = Debug|Any CPU
		{945C6880-58AD-46AC-B036-D89F9E620B9E}.Debug|Any CPU.Build.0 = Debug|Any CPU
		{945C6880-58AD-46AC-B036-D89F9E620B9E}.Release|Any CPU.ActiveCfg = Release|Any CPU
		{945C6880-58AD-46AC-B036-D89F9E620B9E}.Release|Any CPU.Build.0 = Release|Any CPU
		{A7DAA33B-2EFA-404D-B67A-F3F7F91A4D26}.Debug|Any CPU.ActiveCfg = Debug|Any CPU
		{A7DAA33B-2EFA-404D-B67A-F3F7F91A4D26}.Debug|Any CPU.Build.0 = Debug|Any CPU
		{A7DAA33B-2EFA-404D-B67A-F3F7F91A4D26}.Release|Any CPU.ActiveCfg = Release|Any CPU
		{A7DAA33B-2EFA-404D-B67A-F3F7F91A4D26}.Release|Any CPU.Build.0 = Release|Any CPU
		{23A9A032-E473-4FED-8B37-2E53D32D00F1}.Debug|Any CPU.ActiveCfg = Debug|Any CPU
		{23A9A032-E473-4FED-8B37-2E53D32D00F1}.Debug|Any CPU.Build.0 = Debug|Any CPU
		{23A9A032-E473-4FED-8B37-2E53D32D00F1}.Release|Any CPU.ActiveCfg = Release|Any CPU
		{23A9A032-E473-4FED-8B37-2E53D32D00F1}.Release|Any CPU.Build.0 = Release|Any CPU
		{B1EE875F-546A-47AE-8500-B67470C5A430}.Debug|Any CPU.ActiveCfg = Debug|Any CPU
		{B1EE875F-546A-47AE-8500-B67470C5A430}.Debug|Any CPU.Build.0 = Debug|Any CPU
		{B1EE875F-546A-47AE-8500-B67470C5A430}.Release|Any CPU.ActiveCfg = Release|Any CPU
		{B1EE875F-546A-47AE-8500-B67470C5A430}.Release|Any CPU.Build.0 = Release|Any CPU
		{6C94E8F5-405E-444E-92C6-CB487FBC3059}.Debug|Any CPU.ActiveCfg = Debug|Any CPU
		{6C94E8F5-405E-444E-92C6-CB487FBC3059}.Debug|Any CPU.Build.0 = Debug|Any CPU
		{6C94E8F5-405E-444E-92C6-CB487FBC3059}.Release|Any CPU.ActiveCfg = Release|Any CPU
		{6C94E8F5-405E-444E-92C6-CB487FBC3059}.Release|Any CPU.Build.0 = Release|Any CPU
		{3F755C5C-7F0C-441B-BAEC-4CFB6B904109}.Debug|Any CPU.ActiveCfg = Debug|Any CPU
		{3F755C5C-7F0C-441B-BAEC-4CFB6B904109}.Debug|Any CPU.Build.0 = Debug|Any CPU
		{3F755C5C-7F0C-441B-BAEC-4CFB6B904109}.Release|Any CPU.ActiveCfg = Release|Any CPU
		{3F755C5C-7F0C-441B-BAEC-4CFB6B904109}.Release|Any CPU.Build.0 = Release|Any CPU
		{A9B63243-2E45-4708-815F-D659C2E0C442}.Debug|Any CPU.ActiveCfg = Debug|Any CPU
		{A9B63243-2E45-4708-815F-D659C2E0C442}.Debug|Any CPU.Build.0 = Debug|Any CPU
		{A9B63243-2E45-4708-815F-D659C2E0C442}.Release|Any CPU.ActiveCfg = Release|Any CPU
		{A9B63243-2E45-4708-815F-D659C2E0C442}.Release|Any CPU.Build.0 = Release|Any CPU
	EndGlobalSection
	GlobalSection(SolutionProperties) = preSolution
		HideSolutionNode = FALSE
	EndGlobalSection
	GlobalSection(NestedProjects) = preSolution
		{2C912847-8F36-4D4D-A80F-5D3C0EC7701C} = {97FC0935-7A91-42DF-8703-2B4220F81259}
		{FCAB7E35-256C-4606-A886-A766F68F4AAA} = {97FC0935-7A91-42DF-8703-2B4220F81259}
		{CA077440-E1FF-49D6-8A71-06B542C7BB56} = {EA176F24-76D5-416D-B89F-130D276797EE}
		{2DD7468C-7F3D-4BD1-88F9-C5A5AE9D064A} = {EA176F24-76D5-416D-B89F-130D276797EE}
		{A7C5901E-CCEA-48FE-852A-36B40CB94445} = {50FEA930-2996-4908-9EE7-03D0A2302CC3}
		{B732B87F-CF0C-4821-AC48-DB0A46529E41} = {50FEA930-2996-4908-9EE7-03D0A2302CC3}
		{945C6880-58AD-46AC-B036-D89F9E620B9E} = {FE0C3C43-E0E6-45CA-89C1-5E00B7922F15}
		{A7DAA33B-2EFA-404D-B67A-F3F7F91A4D26} = {FE0C3C43-E0E6-45CA-89C1-5E00B7922F15}
		{23A9A032-E473-4FED-8B37-2E53D32D00F1} = {1CD0301D-AFD6-4805-B446-0A007D797B01}
		{B1EE875F-546A-47AE-8500-B67470C5A430} = {1CD0301D-AFD6-4805-B446-0A007D797B01}
		{6C94E8F5-405E-444E-92C6-CB487FBC3059} = {BE11E393-CBA7-4AE8-920E-C92ADB80F98E}
		{3F755C5C-7F0C-441B-BAEC-4CFB6B904109} = {BE11E393-CBA7-4AE8-920E-C92ADB80F98E}
		{A9B63243-2E45-4708-815F-D659C2E0C442} = {5C72FF3C-8AF7-4443-B72A-DC0D0DCC8D96}
	EndGlobalSection
	GlobalSection(ExtensibilityGlobals) = postSolution
		SolutionGuid = {636DFC8D-DC17-4665-85F4-F6C6DD859AAF}
	EndGlobalSection
EndGlobal
