
Microsoft Visual Studio Solution File, Format Version 12.00
# Visual Studio Version 17
VisualStudioVersion = 17.0.31903.59
MinimumVisualStudioVersion = 10.0.40219.1
Project("{FAE04EC0-301F-11D3-BF4B-00C04F79EFBC}") = "Proj", "MainProj\Proj.csproj", "{F1C307BC-F28D-4F68-95AF-F43DE2DF841D}"
EndProject
Project("{FAE04EC0-301F-11D3-BF4B-00C04F79EFBC}") = "Tests", "XUnitTests\Tests.csproj", "{62ED59A0-CFD9-4256-8333-596CD7DD187B}"
EndProject
Global
	GlobalSection(SolutionConfigurationPlatforms) = preSolution
		Debug|Any CPU = Debug|Any CPU
		Release|Any CPU = Release|Any CPU
	EndGlobalSection
	GlobalSection(SolutionProperties) = preSolution
		HideSolutionNode = FALSE
	EndGlobalSection
	GlobalSection(ProjectConfigurationPlatforms) = postSolution
		{F1C307BC-F28D-4F68-95AF-F43DE2DF841D}.Debug|Any CPU.ActiveCfg = Debug|Any CPU
		{F1C307BC-F28D-4F68-95AF-F43DE2DF841D}.Debug|Any CPU.Build.0 = Debug|Any CPU
		{F1C307BC-F28D-4F68-95AF-F43DE2DF841D}.Release|Any CPU.ActiveCfg = Release|Any CPU
		{F1C307BC-F28D-4F68-95AF-F43DE2DF841D}.Release|Any CPU.Build.0 = Release|Any CPU
		{62ED59A0-CFD9-4256-8333-596CD7DD187B}.Debug|Any CPU.ActiveCfg = Debug|Any CPU
		{62ED59A0-CFD9-4256-8333-596CD7DD187B}.Debug|Any CPU.Build.0 = Debug|Any CPU
		{62ED59A0-CFD9-4256-8333-596CD7DD187B}.Release|Any CPU.ActiveCfg = Release|Any CPU
		{62ED59A0-CFD9-4256-8333-596CD7DD187B}.Release|Any CPU.Build.0 = Release|Any CPU
	EndGlobalSection
EndGlobal
