
Microsoft Visual Studio Solution File, Format Version 12.00
# Visual Studio Version 17
VisualStudioVersion = 17.0.31903.59
MinimumVisualStudioVersion = 10.0.40219.1
Project("{FAE04EC0-301F-11D3-BF4B-00C04F79EFBC}") = "1254NumberOfClosedIslandsProj", "MainProj\1254NumberOfClosedIslandsProj.csproj", "{1A14BD34-43B9-4620-B2CE-7DCBB5101E1A}"
EndProject
Project("{FAE04EC0-301F-11D3-BF4B-00C04F79EFBC}") = "1254NumberOfClosedIslandsTests", "xUnitTest\1254NumberOfClosedIslandsTests.csproj", "{49E77D73-ED70-48EA-8CCC-D72ABB80EB87}"
EndProject
Global
	GlobalSection(SolutionConfigurationPlatforms) = preSolution
		Debug|Any CPU = Debug|Any CPU
		Release|Any CPU = Release|Any CPU
	EndGlobalSection
	GlobalSection(SolutionProperties) = preSolution
		HideSolutionNode = FALSE
	EndGlobalSection
	GlobalSection(ProjectConfigurationPlatforms) = postSolution
		{1A14BD34-43B9-4620-B2CE-7DCBB5101E1A}.Debug|Any CPU.ActiveCfg = Debug|Any CPU
		{1A14BD34-43B9-4620-B2CE-7DCBB5101E1A}.Debug|Any CPU.Build.0 = Debug|Any CPU
		{1A14BD34-43B9-4620-B2CE-7DCBB5101E1A}.Release|Any CPU.ActiveCfg = Release|Any CPU
		{1A14BD34-43B9-4620-B2CE-7DCBB5101E1A}.Release|Any CPU.Build.0 = Release|Any CPU
		{49E77D73-ED70-48EA-8CCC-D72ABB80EB87}.Debug|Any CPU.ActiveCfg = Debug|Any CPU
		{49E77D73-ED70-48EA-8CCC-D72ABB80EB87}.Debug|Any CPU.Build.0 = Debug|Any CPU
		{49E77D73-ED70-48EA-8CCC-D72ABB80EB87}.Release|Any CPU.ActiveCfg = Release|Any CPU
		{49E77D73-ED70-48EA-8CCC-D72ABB80EB87}.Release|Any CPU.Build.0 = Release|Any CPU
	EndGlobalSection
EndGlobal
